// !$*UTF8*$!
{
	archiveVersion = 1;
	classes = {
	};
	objectVersion = 50;
	objects = {

/* Begin PBXBuildFile section */
		B1CCCF152186055A00C6F45B /* AppDelegate.swift in Sources */ = {isa = PBXBuildFile; fileRef = B1CCCF142186055A00C6F45B /* AppDelegate.swift */; };
		B1CCCF172186055A00C6F45B /* ViewController.swift in Sources */ = {isa = PBXBuildFile; fileRef = B1CCCF162186055A00C6F45B /* ViewController.swift */; };
		B1CCCF1A2186055A00C6F45B /* Main.storyboard in Resources */ = {isa = PBXBuildFile; fileRef = B1CCCF182186055A00C6F45B /* Main.storyboard */; };
		B1CCCF1D2186055B00C6F45B /* gitraining.xcdatamodeld in Sources */ = {isa = PBXBuildFile; fileRef = B1CCCF1B2186055B00C6F45B /* gitraining.xcdatamodeld */; };
		B1CCCF1F2186055D00C6F45B /* Assets.xcassets in Resources */ = {isa = PBXBuildFile; fileRef = B1CCCF1E2186055D00C6F45B /* Assets.xcassets */; };
		B1CCCF222186055D00C6F45B /* LaunchScreen.storyboard in Resources */ = {isa = PBXBuildFile; fileRef = B1CCCF202186055D00C6F45B /* LaunchScreen.storyboard */; };
		B1CCCF2D2186055D00C6F45B /* gitrainingTests.swift in Sources */ = {isa = PBXBuildFile; fileRef = B1CCCF2C2186055D00C6F45B /* gitrainingTests.swift */; };
		B1CCCF382186055D00C6F45B /* gitrainingUITests.swift in Sources */ = {isa = PBXBuildFile; fileRef = B1CCCF372186055D00C6F45B /* gitrainingUITests.swift */; };
		B1CCCF4621888FBE00C6F45B /* TableViewCell.swift in Sources */ = {isa = PBXBuildFile; fileRef = B1CCCF4521888FBE00C6F45B /* TableViewCell.swift */; };
		B1CCCF4C2188991200C6F45B /* 2014_McLaren_P1_Car_HD_Desktop_Wallpaper Wallpaper_1440x900[10wallpaper.com].jpg in Resources */ = {isa = PBXBuildFile; fileRef = B1CCCF4B2188991200C6F45B /* 2014_McLaren_P1_Car_HD_Desktop_Wallpaper Wallpaper_1440x900[10wallpaper.com].jpg */; };
		B1CCCF4E21889A7B00C6F45B /* Aerial06.jpg in Resources */ = {isa = PBXBuildFile; fileRef = B1CCCF4D21889A7A00C6F45B /* Aerial06.jpg */; };
/* End PBXBuildFile section */

/* Begin PBXContainerItemProxy section */
		B1CCCF292186055D00C6F45B /* PBXContainerItemProxy */ = {
			isa = PBXContainerItemProxy;
			containerPortal = B1CCCF092186055A00C6F45B /* Project object */;
			proxyType = 1;
			remoteGlobalIDString = B1CCCF102186055A00C6F45B;
			remoteInfo = gitraining;
		};
		B1CCCF342186055D00C6F45B /* PBXContainerItemProxy */ = {
			isa = PBXContainerItemProxy;
			containerPortal = B1CCCF092186055A00C6F45B /* Project object */;
			proxyType = 1;
			remoteGlobalIDString = B1CCCF102186055A00C6F45B;
			remoteInfo = gitraining;
		};
/* End PBXContainerItemProxy section */

/* Begin PBXFileReference section */
		B1CCCF112186055A00C6F45B /* gitraining.app */ = {isa = PBXFileReference; explicitFileType = wrapper.application; includeInIndex = 0; path = gitraining.app; sourceTree = BUILT_PRODUCTS_DIR; };
		B1CCCF142186055A00C6F45B /* AppDelegate.swift */ = {isa = PBXFileReference; lastKnownFileType = sourcecode.swift; path = AppDelegate.swift; sourceTree = "<group>"; };
		B1CCCF162186055A00C6F45B /* ViewController.swift */ = {isa = PBXFileReference; lastKnownFileType = sourcecode.swift; path = ViewController.swift; sourceTree = "<group>"; };
		B1CCCF192186055A00C6F45B /* Base */ = {isa = PBXFileReference; lastKnownFileType = file.storyboard; name = Base; path = Base.lproj/Main.storyboard; sourceTree = "<group>"; };
		B1CCCF1C2186055B00C6F45B /* gitraining.xcdatamodel */ = {isa = PBXFileReference; lastKnownFileType = wrapper.xcdatamodel; path = gitraining.xcdatamodel; sourceTree = "<group>"; };
		B1CCCF1E2186055D00C6F45B /* Assets.xcassets */ = {isa = PBXFileReference; lastKnownFileType = folder.assetcatalog; path = Assets.xcassets; sourceTree = "<group>"; };
		B1CCCF212186055D00C6F45B /* Base */ = {isa = PBXFileReference; lastKnownFileType = file.storyboard; name = Base; path = Base.lproj/LaunchScreen.storyboard; sourceTree = "<group>"; };
		B1CCCF232186055D00C6F45B /* Info.plist */ = {isa = PBXFileReference; lastKnownFileType = text.plist.xml; path = Info.plist; sourceTree = "<group>"; };
		B1CCCF282186055D00C6F45B /* gitrainingTests.xctest */ = {isa = PBXFileReference; explicitFileType = wrapper.cfbundle; includeInIndex = 0; path = gitrainingTests.xctest; sourceTree = BUILT_PRODUCTS_DIR; };
		B1CCCF2C2186055D00C6F45B /* gitrainingTests.swift */ = {isa = PBXFileReference; lastKnownFileType = sourcecode.swift; path = gitrainingTests.swift; sourceTree = "<group>"; };
		B1CCCF2E2186055D00C6F45B /* Info.plist */ = {isa = PBXFileReference; lastKnownFileType = text.plist.xml; path = Info.plist; sourceTree = "<group>"; };
		B1CCCF332186055D00C6F45B /* gitrainingUITests.xctest */ = {isa = PBXFileReference; explicitFileType = wrapper.cfbundle; includeInIndex = 0; path = gitrainingUITests.xctest; sourceTree = BUILT_PRODUCTS_DIR; };
		B1CCCF372186055D00C6F45B /* gitrainingUITests.swift */ = {isa = PBXFileReference; lastKnownFileType = sourcecode.swift; path = gitrainingUITests.swift; sourceTree = "<group>"; };
		B1CCCF392186055D00C6F45B /* Info.plist */ = {isa = PBXFileReference; lastKnownFileType = text.plist.xml; path = Info.plist; sourceTree = "<group>"; };
		B1CCCF4521888FBE00C6F45B /* TableViewCell.swift */ = {isa = PBXFileReference; lastKnownFileType = sourcecode.swift; path = TableViewCell.swift; sourceTree = "<group>"; };
		B1CCCF4B2188991200C6F45B /* 2014_McLaren_P1_Car_HD_Desktop_Wallpaper Wallpaper_1440x900[10wallpaper.com].jpg */ = {isa = PBXFileReference; lastKnownFileType = image.jpeg; path = "2014_McLaren_P1_Car_HD_Desktop_Wallpaper Wallpaper_1440x900[10wallpaper.com].jpg"; sourceTree = "<group>"; };
		B1CCCF4D21889A7A00C6F45B /* Aerial06.jpg */ = {isa = PBXFileReference; lastKnownFileType = image.jpeg; path = Aerial06.jpg; sourceTree = "<group>"; };
/* End PBXFileReference section */

/* Begin PBXFrameworksBuildPhase section */
		B1CCCF0E2186055A00C6F45B /* Frameworks */ = {
			isa = PBXFrameworksBuildPhase;
			buildActionMask = 2147483647;
			files = (
			);
			runOnlyForDeploymentPostprocessing = 0;
		};
		B1CCCF252186055D00C6F45B /* Frameworks */ = {
			isa = PBXFrameworksBuildPhase;
			buildActionMask = 2147483647;
			files = (
			);
			runOnlyForDeploymentPostprocessing = 0;
		};
		B1CCCF302186055D00C6F45B /* Frameworks */ = {
			isa = PBXFrameworksBuildPhase;
			buildActionMask = 2147483647;
			files = (
			);
			runOnlyForDeploymentPostprocessing = 0;
		};
/* End PBXFrameworksBuildPhase section */

/* Begin PBXGroup section */
		B1CCCF082186055A00C6F45B = {
			isa = PBXGroup;
			children = (
				B1CCCF132186055A00C6F45B /* gitraining */,
				B1CCCF2B2186055D00C6F45B /* gitrainingTests */,
				B1CCCF362186055D00C6F45B /* gitrainingUITests */,
				B1CCCF122186055A00C6F45B /* Products */,
			);
			sourceTree = "<group>";
		};
		B1CCCF122186055A00C6F45B /* Products */ = {
			isa = PBXGroup;
			children = (
				B1CCCF112186055A00C6F45B /* gitraining.app */,
				B1CCCF282186055D00C6F45B /* gitrainingTests.xctest */,
				B1CCCF332186055D00C6F45B /* gitrainingUITests.xctest */,
			);
			name = Products;
			sourceTree = "<group>";
		};
		B1CCCF132186055A00C6F45B /* gitraining */ = {
			isa = PBXGroup;
			children = (
				B1CCCF4D21889A7A00C6F45B /* Aerial06.jpg */,
				B1CCCF4B2188991200C6F45B /* 2014_McLaren_P1_Car_HD_Desktop_Wallpaper Wallpaper_1440x900[10wallpaper.com].jpg */,
				B1CCCF142186055A00C6F45B /* AppDelegate.swift */,
				B1CCCF162186055A00C6F45B /* ViewController.swift */,
				B1CCCF182186055A00C6F45B /* Main.storyboard */,
				B1CCCF1E2186055D00C6F45B /* Assets.xcassets */,
				B1CCCF202186055D00C6F45B /* LaunchScreen.storyboard */,
				B1CCCF232186055D00C6F45B /* Info.plist */,
				B1CCCF1B2186055B00C6F45B /* gitraining.xcdatamodeld */,
				B1CCCF4521888FBE00C6F45B /* TableViewCell.swift */,
			);
			path = gitraining;
			sourceTree = "<group>";
		};
		B1CCCF2B2186055D00C6F45B /* gitrainingTests */ = {
			isa = PBXGroup;
			children = (
				B1CCCF2C2186055D00C6F45B /* gitrainingTests.swift */,
				B1CCCF2E2186055D00C6F45B /* Info.plist */,
			);
			path = gitrainingTests;
			sourceTree = "<group>";
		};
		B1CCCF362186055D00C6F45B /* gitrainingUITests */ = {
			isa = PBXGroup;
			children = (
				B1CCCF372186055D00C6F45B /* gitrainingUITests.swift */,
				B1CCCF392186055D00C6F45B /* Info.plist */,
			);
			path = gitrainingUITests;
			sourceTree = "<group>";
		};
/* End PBXGroup section */

/* Begin PBXNativeTarget section */
		B1CCCF102186055A00C6F45B /* gitraining */ = {
			isa = PBXNativeTarget;
			buildConfigurationList = B1CCCF3C2186055D00C6F45B /* Build configuration list for PBXNativeTarget "gitraining" */;
			buildPhases = (
				B1CCCF0D2186055A00C6F45B /* Sources */,
				B1CCCF0E2186055A00C6F45B /* Frameworks */,
				B1CCCF0F2186055A00C6F45B /* Resources */,
			);
			buildRules = (
			);
			dependencies = (
			);
			name = gitraining;
			productName = gitraining;
			productReference = B1CCCF112186055A00C6F45B /* gitraining.app */;
			productType = "com.apple.product-type.application";
		};
		B1CCCF272186055D00C6F45B /* gitrainingTests */ = {
			isa = PBXNativeTarget;
			buildConfigurationList = B1CCCF3F2186055D00C6F45B /* Build configuration list for PBXNativeTarget "gitrainingTests" */;
			buildPhases = (
				B1CCCF242186055D00C6F45B /* Sources */,
				B1CCCF252186055D00C6F45B /* Frameworks */,
				B1CCCF262186055D00C6F45B /* Resources */,
			);
			buildRules = (
			);
			dependencies = (
				B1CCCF2A2186055D00C6F45B /* PBXTargetDependency */,
			);
			name = gitrainingTests;
			productName = gitrainingTests;
			productReference = B1CCCF282186055D00C6F45B /* gitrainingTests.xctest */;
			productType = "com.apple.product-type.bundle.unit-test";
		};
		B1CCCF322186055D00C6F45B /* gitrainingUITests */ = {
			isa = PBXNativeTarget;
			buildConfigurationList = B1CCCF422186055D00C6F45B /* Build configuration list for PBXNativeTarget "gitrainingUITests" */;
			buildPhases = (
				B1CCCF2F2186055D00C6F45B /* Sources */,
				B1CCCF302186055D00C6F45B /* Frameworks */,
				B1CCCF312186055D00C6F45B /* Resources */,
			);
			buildRules = (
			);
			dependencies = (
				B1CCCF352186055D00C6F45B /* PBXTargetDependency */,
			);
			name = gitrainingUITests;
			productName = gitrainingUITests;
			productReference = B1CCCF332186055D00C6F45B /* gitrainingUITests.xctest */;
			productType = "com.apple.product-type.bundle.ui-testing";
		};
/* End PBXNativeTarget section */

/* Begin PBXProject section */
		B1CCCF092186055A00C6F45B /* Project object */ = {
			isa = PBXProject;
			attributes = {
				LastSwiftUpdateCheck = 1000;
				LastUpgradeCheck = 1000;
				ORGANIZATIONNAME = "Seif Ghotouk";
				TargetAttributes = {
					B1CCCF102186055A00C6F45B = {
						CreatedOnToolsVersion = 10.0;
					};
					B1CCCF272186055D00C6F45B = {
						CreatedOnToolsVersion = 10.0;
						TestTargetID = B1CCCF102186055A00C6F45B;
					};
					B1CCCF322186055D00C6F45B = {
						CreatedOnToolsVersion = 10.0;
						TestTargetID = B1CCCF102186055A00C6F45B;
					};
				};
			};
			buildConfigurationList = B1CCCF0C2186055A00C6F45B /* Build configuration list for PBXProject "gitraining" */;
			compatibilityVersion = "Xcode 9.3";
			developmentRegion = en;
			hasScannedForEncodings = 0;
			knownRegions = (
				en,
				Base,
			);
			mainGroup = B1CCCF082186055A00C6F45B;
			productRefGroup = B1CCCF122186055A00C6F45B /* Products */;
			projectDirPath = "";
			projectRoot = "";
			targets = (
				B1CCCF102186055A00C6F45B /* gitraining */,
				B1CCCF272186055D00C6F45B /* gitrainingTests */,
				B1CCCF322186055D00C6F45B /* gitrainingUITests */,
			);
		};
/* End PBXProject section */

/* Begin PBXResourcesBuildPhase section */
		B1CCCF0F2186055A00C6F45B /* Resources */ = {
			isa = PBXResourcesBuildPhase;
			buildActionMask = 2147483647;
			files = (
				B1CCCF222186055D00C6F45B /* LaunchScreen.storyboard in Resources */,
				B1CCCF1F2186055D00C6F45B /* Assets.xcassets in Resources */,
				B1CCCF4C2188991200C6F45B /* 2014_McLaren_P1_Car_HD_Desktop_Wallpaper Wallpaper_1440x900[10wallpaper.com].jpg in Resources */,
				B1CCCF4E21889A7B00C6F45B /* Aerial06.jpg in Resources */,
				B1CCCF1A2186055A00C6F45B /* Main.storyboard in Resources */,
			);
			runOnlyForDeploymentPostprocessing = 0;
		};
		B1CCCF262186055D00C6F45B /* Resources */ = {
			isa = PBXResourcesBuildPhase;
			buildActionMask = 2147483647;
			files = (
			);
			runOnlyForDeploymentPostprocessing = 0;
		};
		B1CCCF312186055D00C6F45B /* Resources */ = {
			isa = PBXResourcesBuildPhase;
			buildActionMask = 2147483647;
			files = (
			);
			runOnlyForDeploymentPostprocessing = 0;
		};
/* End PBXResourcesBuildPhase section */

/* Begin PBXSourcesBuildPhase section */
		B1CCCF0D2186055A00C6F45B /* Sources */ = {
			isa = PBXSourcesBuildPhase;
			buildActionMask = 2147483647;
			files = (
				B1CCCF1D2186055B00C6F45B /* gitraining.xcdatamodeld in Sources */,
				B1CCCF4621888FBE00C6F45B /* TableViewCell.swift in Sources */,
				B1CCCF172186055A00C6F45B /* ViewController.swift in Sources */,
				B1CCCF152186055A00C6F45B /* AppDelegate.swift in Sources */,
			);
			runOnlyForDeploymentPostprocessing = 0;
		};
		B1CCCF242186055D00C6F45B /* Sources */ = {
			isa = PBXSourcesBuildPhase;
			buildActionMask = 2147483647;
			files = (
				B1CCCF2D2186055D00C6F45B /* gitrainingTests.swift in Sources */,
			);
			runOnlyForDeploymentPostprocessing = 0;
		};
		B1CCCF2F2186055D00C6F45B /* Sources */ = {
			isa = PBXSourcesBuildPhase;
			buildActionMask = 2147483647;
			files = (
				B1CCCF382186055D00C6F45B /* gitrainingUITests.swift in Sources */,
			);
			runOnlyForDeploymentPostprocessing = 0;
		};
/* End PBXSourcesBuildPhase section */

/* Begin PBXTargetDependency section */
		B1CCCF2A2186055D00C6F45B /* PBXTargetDependency */ = {
			isa = PBXTargetDependency;
			target = B1CCCF102186055A00C6F45B /* gitraining */;
			targetProxy = B1CCCF292186055D00C6F45B /* PBXContainerItemProxy */;
		};
		B1CCCF352186055D00C6F45B /* PBXTargetDependency */ = {
			isa = PBXTargetDependency;
			target = B1CCCF102186055A00C6F45B /* gitraining */;
			targetProxy = B1CCCF342186055D00C6F45B /* PBXContainerItemProxy */;
		};
/* End PBXTargetDependency section */

/* Begin PBXVariantGroup section */
		B1CCCF182186055A00C6F45B /* Main.storyboard */ = {
			isa = PBXVariantGroup;
			children = (
				B1CCCF192186055A00C6F45B /* Base */,
			);
			name = Main.storyboard;
			sourceTree = "<group>";
		};
		B1CCCF202186055D00C6F45B /* LaunchScreen.storyboard */ = {
			isa = PBXVariantGroup;
			children = (
				B1CCCF212186055D00C6F45B /* Base */,
			);
			name = LaunchScreen.storyboard;
			sourceTree = "<group>";
		};
/* End PBXVariantGroup section */

/* Begin XCBuildConfiguration section */
		B1CCCF3A2186055D00C6F45B /* Debug */ = {
			isa = XCBuildConfiguration;
			buildSettings = {
				ALWAYS_SEARCH_USER_PATHS = NO;
				CLANG_ANALYZER_NONNULL = YES;
				CLANG_ANALYZER_NUMBER_OBJECT_CONVERSION = YES_AGGRESSIVE;
				CLANG_CXX_LANGUAGE_STANDARD = "gnu++14";
				CLANG_CXX_LIBRARY = "libc++";
				CLANG_ENABLE_MODULES = YES;
				CLANG_ENABLE_OBJC_ARC = YES;
				CLANG_ENABLE_OBJC_WEAK = YES;
				CLANG_WARN_BLOCK_CAPTURE_AUTORELEASING = YES;
				CLANG_WARN_BOOL_CONVERSION = YES;
				CLANG_WARN_COMMA = YES;
				CLANG_WARN_CONSTANT_CONVERSION = YES;
				CLANG_WARN_DEPRECATED_OBJC_IMPLEMENTATIONS = YES;
				CLANG_WARN_DIRECT_OBJC_ISA_USAGE = YES_ERROR;
				CLANG_WARN_DOCUMENTATION_COMMENTS = YES;
				CLANG_WARN_EMPTY_BODY = YES;
				CLANG_WARN_ENUM_CONVERSION = YES;
				CLANG_WARN_INFINITE_RECURSION = YES;
				CLANG_WARN_INT_CONVERSION = YES;
				CLANG_WARN_NON_LITERAL_NULL_CONVERSION = YES;
				CLANG_WARN_OBJC_IMPLICIT_RETAIN_SELF = YES;
				CLANG_WARN_OBJC_LITERAL_CONVERSION = YES;
				CLANG_WARN_OBJC_ROOT_CLASS = YES_ERROR;
				CLANG_WARN_RANGE_LOOP_ANALYSIS = YES;
				CLANG_WARN_STRICT_PROTOTYPES = YES;
				CLANG_WARN_SUSPICIOUS_MOVE = YES;
				CLANG_WARN_UNGUARDED_AVAILABILITY = YES_AGGRESSIVE;
				CLANG_WARN_UNREACHABLE_CODE = YES;
				CLANG_WARN__DUPLICATE_METHOD_MATCH = YES;
				CODE_SIGN_IDENTITY = "iPhone Developer";
				COPY_PHASE_STRIP = NO;
				DEBUG_INFORMATION_FORMAT = dwarf;
				ENABLE_STRICT_OBJC_MSGSEND = YES;
				ENABLE_TESTABILITY = YES;
				GCC_C_LANGUAGE_STANDARD = gnu11;
				GCC_DYNAMIC_NO_PIC = NO;
				GCC_NO_COMMON_BLOCKS = YES;
				GCC_OPTIMIZATION_LEVEL = 0;
				GCC_PREPROCESSOR_DEFINITIONS = (
					"DEBUG=1",
					"$(inherited)",
				);
				GCC_WARN_64_TO_32_BIT_CONVERSION = YES;
				GCC_WARN_ABOUT_RETURN_TYPE = YES_ERROR;
				GCC_WARN_UNDECLARED_SELECTOR = YES;
				GCC_WARN_UNINITIALIZED_AUTOS = YES_AGGRESSIVE;
				GCC_WARN_UNUSED_FUNCTION = YES;
				GCC_WARN_UNUSED_VARIABLE = YES;
				IPHONEOS_DEPLOYMENT_TARGET = 12.0;
				MTL_ENABLE_DEBUG_INFO = INCLUDE_SOURCE;
				MTL_FAST_MATH = YES;
				ONLY_ACTIVE_ARCH = YES;
				SDKROOT = iphoneos;
				SWIFT_ACTIVE_COMPILATION_CONDITIONS = DEBUG;
				SWIFT_OPTIMIZATION_LEVEL = "-Onone";
			};
			name = Debug;
		};
		B1CCCF3B2186055D00C6F45B /* Release */ = {
			isa = XCBuildConfiguration;
			buildSettings = {
				ALWAYS_SEARCH_USER_PATHS = NO;
				CLANG_ANALYZER_NONNULL = YES;
				CLANG_ANALYZER_NUMBER_OBJECT_CONVERSION = YES_AGGRESSIVE;
				CLANG_CXX_LANGUAGE_STANDARD = "gnu++14";
				CLANG_CXX_LIBRARY = "libc++";
				CLANG_ENABLE_MODULES = YES;
				CLANG_ENABLE_OBJC_ARC = YES;
				CLANG_ENABLE_OBJC_WEAK = YES;
				CLANG_WARN_BLOCK_CAPTURE_AUTORELEASING = YES;
				CLANG_WARN_BOOL_CONVERSION = YES;
				CLANG_WARN_COMMA = YES;
				CLANG_WARN_CONSTANT_CONVERSION = YES;
				CLANG_WARN_DEPRECATED_OBJC_IMPLEMENTATIONS = YES;
				CLANG_WARN_DIRECT_OBJC_ISA_USAGE = YES_ERROR;
				CLANG_WARN_DOCUMENTATION_COMMENTS = YES;
				CLANG_WARN_EMPTY_BODY = YES;
				CLANG_WARN_ENUM_CONVERSION = YES;
				CLANG_WARN_INFINITE_RECURSION = YES;
				CLANG_WARN_INT_CONVERSION = YES;
				CLANG_WARN_NON_LITERAL_NULL_CONVERSION = YES;
				CLANG_WARN_OBJC_IMPLICIT_RETAIN_SELF = YES;
				CLANG_WARN_OBJC_LITERAL_CONVERSION = YES;
				CLANG_WARN_OBJC_ROOT_CLASS = YES_ERROR;
				CLANG_WARN_RANGE_LOOP_ANALYSIS = YES;
				CLANG_WARN_STRICT_PROTOTYPES = YES;
				CLANG_WARN_SUSPICIOUS_MOVE = YES;
				CLANG_WARN_UNGUARDED_AVAILABILITY = YES_AGGRESSIVE;
				CLANG_WARN_UNREACHABLE_CODE = YES;
				CLANG_WARN__DUPLICATE_METHOD_MATCH = YES;
				CODE_SIGN_IDENTITY = "iPhone Developer";
				COPY_PHASE_STRIP = NO;
				DEBUG_INFORMATION_FORMAT = "dwarf-with-dsym";
				ENABLE_NS_ASSERTIONS = NO;
				ENABLE_STRICT_OBJC_MSGSEND = YES;
				GCC_C_LANGUAGE_STANDARD = gnu11;
				GCC_NO_COMMON_BLOCKS = YES;
				GCC_WARN_64_TO_32_BIT_CONVERSION = YES;
				GCC_WARN_ABOUT_RETURN_TYPE = YES_ERROR;
				GCC_WARN_UNDECLARED_SELECTOR = YES;
				GCC_WARN_UNINITIALIZED_AUTOS = YES_AGGRESSIVE;
				GCC_WARN_UNUSED_FUNCTION = YES;
				GCC_WARN_UNUSED_VARIABLE = YES;
				IPHONEOS_DEPLOYMENT_TARGET = 12.0;
				MTL_ENABLE_DEBUG_INFO = NO;
				MTL_FAST_MATH = YES;
				SDKROOT = iphoneos;
				SWIFT_COMPILATION_MODE = wholemodule;
				SWIFT_OPTIMIZATION_LEVEL = "-O";
				VALIDATE_PRODUCT = YES;
			};
			name = Release;
		};
		B1CCCF3D2186055D00C6F45B /* Debug */ = {
			isa = XCBuildConfiguration;
			buildSettings = {
				ASSETCATALOG_COMPILER_APPICON_NAME = AppIcon;
				CODE_SIGN_STYLE = Automatic;
				DEVELOPMENT_TEAM = BBPMEE95U2;
				INFOPLIST_FILE = gitraining/Info.plist;
				LD_RUNPATH_SEARCH_PATHS = (
					"$(inherited)",
					"@executable_path/Frameworks",
				);
				PRODUCT_BUNDLE_IDENTIFIER = com.test.gitraining;
				PRODUCT_NAME = "$(TARGET_NAME)";
				SWIFT_VERSION = 4.2;
				TARGETED_DEVICE_FAMILY = "1,2";
			};
			name = Debug;
		};
		B1CCCF3E2186055D00C6F45B /* Release */ = {
			isa = XCBuildConfiguration;
			buildSettings = {
				ASSETCATALOG_COMPILER_APPICON_NAME = AppIcon;
				CODE_SIGN_STYLE = Automatic;
				DEVELOPMENT_TEAM = BBPMEE95U2;
				INFOPLIST_FILE = gitraining/Info.plist;
				LD_RUNPATH_SEARCH_PATHS = (
					"$(inherited)",
					"@executable_path/Frameworks",
				);
				PRODUCT_BUNDLE_IDENTIFIER = com.test.gitraining;
				PRODUCT_NAME = "$(TARGET_NAME)";
				SWIFT_VERSION = 4.2;
				TARGETED_DEVICE_FAMILY = "1,2";
			};
			name = Release;
		};
		B1CCCF402186055D00C6F45B /* Debug */ = {
			isa = XCBuildConfiguration;
			buildSettings = {
				ALWAYS_EMBED_SWIFT_STANDARD_LIBRARIES = YES;
				BUNDLE_LOADER = "$(TEST_HOST)";
				CODE_SIGN_STYLE = Automatic;
				INFOPLIST_FILE = gitrainingTests/Info.plist;
				LD_RUNPATH_SEARCH_PATHS = (
					"$(inherited)",
					"@executable_path/Frameworks",
					"@loader_path/Frameworks",
				);
				PRODUCT_BUNDLE_IDENTIFIER = com.test.gitrainingTests;
				PRODUCT_NAME = "$(TARGET_NAME)";
				SWIFT_VERSION = 4.2;
				TARGETED_DEVICE_FAMILY = "1,2";
				TEST_HOST = "$(BUILT_PRODUCTS_DIR)/gitraining.app/gitraining";
			};
			name = Debug;
		};
		B1CCCF412186055D00C6F45B /* Release */ = {
			isa = XCBuildConfiguration;
			buildSettings = {
				ALWAYS_EMBED_SWIFT_STANDARD_LIBRARIES = YES;
				BUNDLE_LOADER = "$(TEST_HOST)";
				CODE_SIGN_STYLE = Automatic;
				INFOPLIST_FILE = gitrainingTests/Info.plist;
				LD_RUNPATH_SEARCH_PATHS = (
					"$(inherited)",
					"@executable_path/Frameworks",
					"@loader_path/Frameworks",
				);
				PRODUCT_BUNDLE_IDENTIFIER = com.test.gitrainingTests;
				PRODUCT_NAME = "$(TARGET_NAME)";
				SWIFT_VERSION = 4.2;
				TARGETED_DEVICE_FAMILY = "1,2";
				TEST_HOST = "$(BUILT_PRODUCTS_DIR)/gitraining.app/gitraining";
			};
			name = Release;
		};
		B1CCCF432186055D00C6F45B /* Debug */ = {
			isa = XCBuildConfiguration;
			buildSettings = {
				ALWAYS_EMBED_SWIFT_STANDARD_LIBRARIES = YES;
				CODE_SIGN_STYLE = Automatic;
				INFOPLIST_FILE = gitrainingUITests/Info.plist;
				LD_RUNPATH_SEARCH_PATHS = (
					"$(inherited)",
					"@executable_path/Frameworks",
					"@loader_path/Frameworks",
				);
				PRODUCT_BUNDLE_IDENTIFIER = com.test.gitrainingUITests;
				PRODUCT_NAME = "$(TARGET_NAME)";
				SWIFT_VERSION = 4.2;
				TARGETED_DEVICE_FAMILY = "1,2";
				TEST_TARGET_NAME = gitraining;
			};
			name = Debug;
		};
		B1CCCF442186055D00C6F45B /* Release */ = {
			isa = XCBuildConfiguration;
			buildSettings = {
				ALWAYS_EMBED_SWIFT_STANDARD_LIBRARIES = YES;
				CODE_SIGN_STYLE = Automatic;
				INFOPLIST_FILE = gitrainingUITests/Info.plist;
				LD_RUNPATH_SEARCH_PATHS = (
					"$(inherited)",
					"@executable_path/Frameworks",
					"@loader_path/Frameworks",
				);
				PRODUCT_BUNDLE_IDENTIFIER = com.test.gitrainingUITests;
				PRODUCT_NAME = "$(TARGET_NAME)";
				SWIFT_VERSION = 4.2;
				TARGETED_DEVICE_FAMILY = "1,2";
				TEST_TARGET_NAME = gitraining;
			};
			name = Release;
		};
/* End XCBuildConfiguration section */

/* Begin XCConfigurationList section */
		B1CCCF0C2186055A00C6F45B /* Build configuration list for PBXProject "gitraining" */ = {
			isa = XCConfigurationList;
			buildConfigurations = (
				B1CCCF3A2186055D00C6F45B /* Debug */,
				B1CCCF3B2186055D00C6F45B /* Release */,
			);
			defaultConfigurationIsVisible = 0;
			defaultConfigurationName = Release;
		};
		B1CCCF3C2186055D00C6F45B /* Build configuration list for PBXNativeTarget "gitraining" */ = {
			isa = XCConfigurationList;
			buildConfigurations = (
				B1CCCF3D2186055D00C6F45B /* Debug */,
				B1CCCF3E2186055D00C6F45B /* Release */,
			);
			defaultConfigurationIsVisible = 0;
			defaultConfigurationName = Release;
		};
		B1CCCF3F2186055D00C6F45B /* Build configuration list for PBXNativeTarget "gitrainingTests" */ = {
			isa = XCConfigurationList;
			buildConfigurations = (
				B1CCCF402186055D00C6F45B /* Debug */,
				B1CCCF412186055D00C6F45B /* Release */,
			);
			defaultConfigurationIsVisible = 0;
			defaultConfigurationName = Release;
		};
		B1CCCF422186055D00C6F45B /* Build configuration list for PBXNativeTarget "gitrainingUITests" */ = {
			isa = XCConfigurationList;
			buildConfigurations = (
				B1CCCF432186055D00C6F45B /* Debug */,
				B1CCCF442186055D00C6F45B /* Release */,
			);
			defaultConfigurationIsVisible = 0;
			defaultConfigurationName = Release;
		};
/* End XCConfigurationList section */

/* Begin XCVersionGroup section */
		B1CCCF1B2186055B00C6F45B /* gitraining.xcdatamodeld */ = {
			isa = XCVersionGroup;
			children = (
				B1CCCF1C2186055B00C6F45B /* gitraining.xcdatamodel */,
			);
			currentVersion = B1CCCF1C2186055B00C6F45B /* gitraining.xcdatamodel */;
			path = gitraining.xcdatamodeld;
			sourceTree = "<group>";
			versionGroupType = wrapper.xcdatamodel;
		};
/* End XCVersionGroup section */
	};
	rootObject = B1CCCF092186055A00C6F45B /* Project object */;
}
